
Microsoft Visual Studio Solution File, Format Version 12.00
# Visual Studio Version 16
VisualStudioVersion = 16.0.30011.22
MinimumVisualStudioVersion = 10.0.40219.1
Project("{9A19103F-16F7-4668-BE54-9A1E7A4F7556}") = "Laser Controller", "Laser Controller\Laser Controller.csproj", "{1F35A9AC-F3B7-4B05-9C24-BEF7F8488740}"
EndProject
Project("{9A19103F-16F7-4668-BE54-9A1E7A4F7556}") = "Models", "Models\Models.csproj", "{0F98E9CB-C223-43C8-81B7-065FD799272D}"
EndProject
Project("{9A19103F-16F7-4668-BE54-9A1E7A4F7556}") = "Logic", "Logic\Logic.csproj", "{2788EE2F-E5E2-4627-918C-27D04983C776}"
EndProject
Project("{FAE04EC0-301F-11D3-BF4B-00C04F79EFBC}") = "Enums", "Enums\Enums.csproj", "{17182826-9672-47E2-83DD-77E874428E90}"
EndProject
Global
	GlobalSection(SolutionConfigurationPlatforms) = preSolution
		Debug|Any CPU = Debug|Any CPU
		Release|Any CPU = Release|Any CPU
	EndGlobalSection
	GlobalSection(ProjectConfigurationPlatforms) = postSolution
		{1F35A9AC-F3B7-4B05-9C24-BEF7F8488740}.Debug|Any CPU.ActiveCfg = Debug|Any CPU
		{1F35A9AC-F3B7-4B05-9C24-BEF7F8488740}.Debug|Any CPU.Build.0 = Debug|Any CPU
		{1F35A9AC-F3B7-4B05-9C24-BEF7F8488740}.Release|Any CPU.ActiveCfg = Release|Any CPU
		{1F35A9AC-F3B7-4B05-9C24-BEF7F8488740}.Release|Any CPU.Build.0 = Release|Any CPU
		{0F98E9CB-C223-43C8-81B7-065FD799272D}.Debug|Any CPU.ActiveCfg = Debug|Any CPU
		{0F98E9CB-C223-43C8-81B7-065FD799272D}.Debug|Any CPU.Build.0 = Debug|Any CPU
		{0F98E9CB-C223-43C8-81B7-065FD799272D}.Release|Any CPU.ActiveCfg = Release|Any CPU
		{0F98E9CB-C223-43C8-81B7-065FD799272D}.Release|Any CPU.Build.0 = Release|Any CPU
		{2788EE2F-E5E2-4627-918C-27D04983C776}.Debug|Any CPU.ActiveCfg = Debug|Any CPU
		{2788EE2F-E5E2-4627-918C-27D04983C776}.Debug|Any CPU.Build.0 = Debug|Any CPU
		{2788EE2F-E5E2-4627-918C-27D04983C776}.Release|Any CPU.ActiveCfg = Release|Any CPU
		{2788EE2F-E5E2-4627-918C-27D04983C776}.Release|Any CPU.Build.0 = Release|Any CPU
		{17182826-9672-47E2-83DD-77E874428E90}.Debug|Any CPU.ActiveCfg = Debug|Any CPU
		{17182826-9672-47E2-83DD-77E874428E90}.Debug|Any CPU.Build.0 = Debug|Any CPU
		{17182826-9672-47E2-83DD-77E874428E90}.Release|Any CPU.ActiveCfg = Release|Any CPU
		{17182826-9672-47E2-83DD-77E874428E90}.Release|Any CPU.Build.0 = Release|Any CPU
	EndGlobalSection
	GlobalSection(SolutionProperties) = preSolution
		HideSolutionNode = FALSE
	EndGlobalSection
	GlobalSection(ExtensibilityGlobals) = postSolution
		SolutionGuid = {BEAB63AE-40AC-4CBF-80E5-7AAE941075A8}
	EndGlobalSection
EndGlobal
